<?xml version="1.0" encoding="utf-8"?>
<Project ToolsVersion="4.0" xmlns="http://schemas.microsoft.com/developer/msbuild/2003">
  <ItemGroup>
    <Filter Include="Source Files">
      <UniqueIdentifier>{4FC737F1-C7A5-4376-A066-2A32D752A2FF}</UniqueIdentifier>
      <Extensions>cpp;c;cc;cxx;def;odl;idl;hpj;bat;asm;asmx</Extensions>
    </Filter>
    <Filter Include="Header Files">
      <UniqueIdentifier>{93995380-89BD-4b04-88EB-625FBE52EBFB}</UniqueIdentifier>
      <Extensions>h;hpp;hxx;hm;inl;inc;xsd</Extensions>
    </Filter>
    <Filter Include="Resource Files">
      <UniqueIdentifier>{67DA6AB6-F800-4c08-8B7A-83BB121AAD01}</UniqueIdentifier>
      <Extensions>rc;ico;cur;bmp;dlg;rc2;rct;bin;rgs;gif;jpg;jpeg;jpe;resx;tiff;tif;png;wav;mfcribbon-ms</Extensions>
    </Filter>
  </ItemGroup>
  <ItemGroup>
    <ClInclude Include="trunk\headers\bytecode.hpp">
      <Filter>Header Files</Filter>
    </ClInclude>
    <ClInclude Include="trunk\headers\defstypedefs.hpp">
      <Filter>Header Files</Filter>
    </ClInclude>
    <ClInclude Include="trunk\headers\Direct3DEngine.hpp">
      <Filter>Header Files</Filter>
    </ClInclude>
    <ClInclude Include="trunk\headers\lightweight_vector.hpp">
      <Filter>Header Files</Filter>
    </ClInclude>
    <ClInclude Include="trunk\headers\ObjMgr.hpp">
      <Filter>Header Files</Filter>
    </ClInclude>
    <ClInclude Include="trunk\headers\parser.hpp">
      <Filter>Header Files</Filter>
    </ClInclude>
    <ClInclude Include="trunk\headers\scriptengine.hpp">
      <Filter>Header Files</Filter>
    </ClInclude>
    <ClInclude Include="trunk\headers\scriptmachine.hpp">
      <Filter>Header Files</Filter>
    </ClInclude>
    <ClInclude Include="trunk\headers\inventory.hpp">
      <Filter>Header Files</Filter>
    </ClInclude>
    <ClInclude Include="trunk\headers\D3DSmartPtr.hpp">
      <Filter>Header Files</Filter>
    </ClInclude>
    <ClInclude Include="trunk\headers\GameEngine.hpp">
      <Filter>Header Files</Filter>
    </ClInclude>
  </ItemGroup>
  <ItemGroup>
    <ClCompile Include="trunk\sources\bytecode.cpp">
      <Filter>Source Files</Filter>
    </ClCompile>
    <ClCompile Include="trunk\sources\Direct3DEngine.cpp">
      <Filter>Source Files</Filter>
    </ClCompile>
    <ClCompile Include="trunk\sources\ObjMgr.cpp">
      <Filter>Source Files</Filter>
    </ClCompile>
    <ClCompile Include="trunk\sources\parser.cpp">
      <Filter>Source Files</Filter>
    </ClCompile>
    <ClCompile Include="trunk\sources\scriptengine.cpp">
      <Filter>Source Files</Filter>
    </ClCompile>
    <ClCompile Include="trunk\sources\scriptmachine.cpp">
      <Filter>Source Files</Filter>
    </ClCompile>
    <ClCompile Include="trunk\sources\WinMain.cpp">
      <Filter>Source Files</Filter>
    </ClCompile>
    <ClCompile Include="trunk\sources\inventory.cpp">
      <Filter>Source Files</Filter>
    </ClCompile>
  </ItemGroup>
</Project>